{
    "name": "formValidation",
    "version": "2.0.0",
    "lockfileVersion": 1,
    "requires": true,
    "dependencies": {
        "@degjs/dom-utils": {
            "version": "3.0.0",
            "resolved": "https://registry.npmjs.org/@degjs/dom-utils/-/dom-utils-3.0.0.tgz",
            "integrity": "sha512-71h3rgonIkGQ8JOyFhh3YjvpXKdEXcl3OX0AqBzJ2JvBwZYrhX/GSGkpdTDlZheNeaEkIxidFw6gPIAQUzcwMw==",
            "requires": {
                "@degjs/object-utils": "^3.0.0"
            }
        },
        "@degjs/easing": {
            "version": "2.0.0",
            "resolved": "https://registry.npmjs.org/@degjs/easing/-/easing-2.0.0.tgz",
            "integrity": "sha512-u7YCrWSxddwcPxltEa9EyXooI//fXafjs/OOs8CkdUJGOXg6QWm2qCZRd8dDwB1fdYIgTjzaS8gxCHnzclQ2Uw=="
        },
        "@degjs/object-utils": {
            "version": "3.0.0",
            "resolved": "https://registry.npmjs.org/@degjs/object-utils/-/object-utils-3.0.0.tgz",
            "integrity": "sha512-ASIRkRLfM/Uq7jdq24YYN6SRJcOyvb7xViDdOw4AdQ5uVodxohGY4uwbZwYmnztZuY9hWQB/N+sAITez+xLD2Q==",
            "requires": {
                "isobject": "^3.0.1"
            }
        },
        "@degjs/scroll-to": {
            "version": "2.0.0",
            "resolved": "https://registry.npmjs.org/@degjs/scroll-to/-/scroll-to-2.0.0.tgz",
            "integrity": "sha512-tPOWo9dKZwUC3o48A7WbQtffUk4YqYx7h70mxWq2L52/E6hlpbJDF7l5ZuWMZ70cUIEaUI7TKRo8pfExLo2xcQ==",
            "requires": {
                "@degjs/easing": "^2.0.0"
            }
        },
        "isobject": {
            "version": "3.0.1",
            "resolved": "https://registry.npmjs.org/isobject/-/isobject-3.0.1.tgz",
            "integrity": "sha1-TkMekrEalzFjaqH5yNHMvP2reN8="
        }
    }
}
